
Microsoft Visual Studio Solution File, Format Version 12.00
# Visual Studio Version 17
VisualStudioVersion = 17.2.32317.152
MinimumVisualStudioVersion = 10.0.40219.1
Project("{9A19103F-16F7-4668-BE54-9A1E7A4F7556}") = "Wordle", "Wordle\Wordle.csproj", "{EBFA8512-1EA5-4D8C-B4AC-AB5B48A6D568}"
EndProject
Project("{9A19103F-16F7-4668-BE54-9A1E7A4F7556}") = "Wordle.Desktop", "Wordle.Desktop\Wordle.Desktop.csproj", "{ABC31E74-02FF-46EB-B3B2-4E6AE43B456C}"
EndProject
Project("{9A19103F-16F7-4668-BE54-9A1E7A4F7556}") = "Wordle.iOS", "Wordle.iOS\Wordle.iOS.csproj", "{EBD9022F-BC83-4846-9A11-6F7F3772DC64}"
EndProject
Project("{9A19103F-16F7-4668-BE54-9A1E7A4F7556}") = "Wordle.Android", "Wordle.Android\Wordle.Android.csproj", "{F932FA2F-E854-43BA-B8B2-8DDFF16E03C8}"
EndProject
Project("{FAE04EC0-301F-11D3-BF4B-00C04F79EFBC}") = "Wordle.Browser", "Wordle.Browser\Wordle.Browser.csproj", "{010CEA68-D69F-4ADE-AC42-3BFF0472F533}"
EndProject
Project("{2150E333-8FDC-42A3-9474-1A3956D46DE8}") = "Build", "Build", "{366944AC-9055-49D2-9F43-D68BC6FB9125}"
	ProjectSection(SolutionItems) = preProject
		Directory.Build.props = Directory.Build.props
		.github\workflows\azure-swa.yml = .github\workflows\azure-swa.yml
		.github\workflows\dotnet.yml = .github\workflows\dotnet.yml
		NuGet.Config = NuGet.Config
	EndProjectSection
EndProject
Global
	GlobalSection(SolutionConfigurationPlatforms) = preSolution
		Debug|Any CPU = Debug|Any CPU
		Release|Any CPU = Release|Any CPU
	EndGlobalSection
	GlobalSection(ProjectConfigurationPlatforms) = postSolution
		{EBFA8512-1EA5-4D8C-B4AC-AB5B48A6D568}.Debug|Any CPU.ActiveCfg = Debug|Any CPU
		{EBFA8512-1EA5-4D8C-B4AC-AB5B48A6D568}.Debug|Any CPU.Build.0 = Debug|Any CPU
		{EBFA8512-1EA5-4D8C-B4AC-AB5B48A6D568}.Release|Any CPU.ActiveCfg = Release|Any CPU
		{EBFA8512-1EA5-4D8C-B4AC-AB5B48A6D568}.Release|Any CPU.Build.0 = Release|Any CPU
		{ABC31E74-02FF-46EB-B3B2-4E6AE43B456C}.Debug|Any CPU.ActiveCfg = Debug|Any CPU
		{ABC31E74-02FF-46EB-B3B2-4E6AE43B456C}.Debug|Any CPU.Build.0 = Debug|Any CPU
		{ABC31E74-02FF-46EB-B3B2-4E6AE43B456C}.Release|Any CPU.ActiveCfg = Release|Any CPU
		{ABC31E74-02FF-46EB-B3B2-4E6AE43B456C}.Release|Any CPU.Build.0 = Release|Any CPU
		{EBD9022F-BC83-4846-9A11-6F7F3772DC64}.Debug|Any CPU.ActiveCfg = Debug|Any CPU
		{EBD9022F-BC83-4846-9A11-6F7F3772DC64}.Debug|Any CPU.Build.0 = Debug|Any CPU
		{EBD9022F-BC83-4846-9A11-6F7F3772DC64}.Release|Any CPU.ActiveCfg = Release|Any CPU
		{EBD9022F-BC83-4846-9A11-6F7F3772DC64}.Release|Any CPU.Build.0 = Release|Any CPU
		{F932FA2F-E854-43BA-B8B2-8DDFF16E03C8}.Debug|Any CPU.ActiveCfg = Debug|Any CPU
		{F932FA2F-E854-43BA-B8B2-8DDFF16E03C8}.Debug|Any CPU.Build.0 = Debug|Any CPU
		{F932FA2F-E854-43BA-B8B2-8DDFF16E03C8}.Debug|Any CPU.Deploy.0 = Debug|Any CPU
		{F932FA2F-E854-43BA-B8B2-8DDFF16E03C8}.Release|Any CPU.ActiveCfg = Release|Any CPU
		{F932FA2F-E854-43BA-B8B2-8DDFF16E03C8}.Release|Any CPU.Build.0 = Release|Any CPU
		{F932FA2F-E854-43BA-B8B2-8DDFF16E03C8}.Release|Any CPU.Deploy.0 = Release|Any CPU
		{010CEA68-D69F-4ADE-AC42-3BFF0472F533}.Debug|Any CPU.ActiveCfg = Debug|Any CPU
		{010CEA68-D69F-4ADE-AC42-3BFF0472F533}.Debug|Any CPU.Build.0 = Debug|Any CPU
		{010CEA68-D69F-4ADE-AC42-3BFF0472F533}.Release|Any CPU.ActiveCfg = Release|Any CPU
		{010CEA68-D69F-4ADE-AC42-3BFF0472F533}.Release|Any CPU.Build.0 = Release|Any CPU
	EndGlobalSection
	GlobalSection(SolutionProperties) = preSolution
		HideSolutionNode = FALSE
	EndGlobalSection
	GlobalSection(ExtensibilityGlobals) = postSolution
		SolutionGuid = {65D50C0C-26A7-4A56-85C5-DC8957323326}
	EndGlobalSection
EndGlobal
